
Microsoft Visual Studio Solution File, Format Version 12.00
# Visual Studio 14
VisualStudioVersion = 14.0.24720.0
MinimumVisualStudioVersion = 10.0.40219.1
Project("{FAE04EC0-301F-11D3-BF4B-00C04F79EFBC}") = "PartialViewCrud", "PartialViewCrud\PartialViewCrud.csproj", "{78673089-5C46-4F58-B3BE-986C70CC3867}"
EndProject
Project("{FAE04EC0-301F-11D3-BF4B-00C04F79EFBC}") = "Core", "Core\Core.csproj", "{21B4A186-327A-439E-89F0-75114881EE03}"
EndProject
Global
	GlobalSection(SolutionConfigurationPlatforms) = preSolution
		Debug|Any CPU = Debug|Any CPU
		Release|Any CPU = Release|Any CPU
	EndGlobalSection
	GlobalSection(ProjectConfigurationPlatforms) = postSolution
		{78673089-5C46-4F58-B3BE-986C70CC3867}.Debug|Any CPU.ActiveCfg = Debug|Any CPU
		{78673089-5C46-4F58-B3BE-986C70CC3867}.Debug|Any CPU.Build.0 = Debug|Any CPU
		{78673089-5C46-4F58-B3BE-986C70CC3867}.Release|Any CPU.ActiveCfg = Release|Any CPU
		{78673089-5C46-4F58-B3BE-986C70CC3867}.Release|Any CPU.Build.0 = Release|Any CPU
		{21B4A186-327A-439E-89F0-75114881EE03}.Debug|Any CPU.ActiveCfg = Debug|Any CPU
		{21B4A186-327A-439E-89F0-75114881EE03}.Debug|Any CPU.Build.0 = Debug|Any CPU
		{21B4A186-327A-439E-89F0-75114881EE03}.Release|Any CPU.ActiveCfg = Release|Any CPU
		{21B4A186-327A-439E-89F0-75114881EE03}.Release|Any CPU.Build.0 = Release|Any CPU
	EndGlobalSection
	GlobalSection(SolutionProperties) = preSolution
		HideSolutionNode = FALSE
	EndGlobalSection
EndGlobal
